{
  "name": "cm-chess",
  "version": "3.0.0",
  "lockfileVersion": 2,
  "requires": true,
  "packages": {
    "": {
      "name": "cm-chess",
      "version": "3.0.0",
      "license": "MIT",
      "dependencies": {
        "chess.mjs": "^1.4.0",
        "cm-pgn": "3.1.2",
        "import-node-modules": "^1.0.2"
      },
      "devDependencies": {
        "teevi": "^2.2.4"
      }
    },
    "node_modules/chess.mjs": {
      "version": "1.4.0",
      "resolved": "https://registry.npmjs.org/chess.mjs/-/chess.mjs-1.4.0.tgz",
      "integrity": "sha512-TxbpfE4BvRMteIWEy9j1wsR/UwYqGekmZFDcPrKjaqHbmeRwQOv5sribu6PE6nO/69uTxld0nfX7Ra0XA03j4Q=="
    },
    "node_modules/cm-pgn": {
      "version": "3.1.2",
      "resolved": "https://registry.npmjs.org/cm-pgn/-/cm-pgn-3.1.2.tgz",
      "integrity": "sha512-5X01lKiaRQDkkOzkpfb9yk0hNPGK4h3l3RKVwsJjI6+p5v9Y2lGOAoZHYohqi0vYa9ANMRxi9wGMQj9y/gaqTg==",
      "dependencies": {
        "chess.mjs": "^1.4.0",
        "import-node-modules": "^1.0.2"
      }
    },
    "node_modules/import-node-modules": {
      "version": "1.0.2",
      "resolved": "https://registry.npmjs.org/import-node-modules/-/import-node-modules-1.0.2.tgz",
      "integrity": "sha512-A2Ur9lmGspPmQAOV1MDNPlaXi4raqSGmwaeY4JsYVqjq+6E04yUvKMXJFEYNL3bowmL//knUIKynDHp5EmfD7w=="
    },
    "node_modules/teevi": {
      "version": "2.2.4",
      "resolved": "https://registry.npmjs.org/teevi/-/teevi-2.2.4.tgz",
      "integrity": "sha512-dlWBYsYlb2D/CppMenVKXpD/vCiVwlgFwfjofWqunziq8O1OeYhnXK3dnYOLRmNLhimsk/a3h+w5e03BnIExKQ==",
      "dev": true
    }
  },
  "dependencies": {
    "chess.mjs": {
      "version": "1.4.0",
      "resolved": "https://registry.npmjs.org/chess.mjs/-/chess.mjs-1.4.0.tgz",
      "integrity": "sha512-TxbpfE4BvRMteIWEy9j1wsR/UwYqGekmZFDcPrKjaqHbmeRwQOv5sribu6PE6nO/69uTxld0nfX7Ra0XA03j4Q=="
    },
    "cm-pgn": {
      "version": "3.1.2",
      "resolved": "https://registry.npmjs.org/cm-pgn/-/cm-pgn-3.1.2.tgz",
      "integrity": "sha512-5X01lKiaRQDkkOzkpfb9yk0hNPGK4h3l3RKVwsJjI6+p5v9Y2lGOAoZHYohqi0vYa9ANMRxi9wGMQj9y/gaqTg==",
      "requires": {
        "chess.mjs": "^1.4.0",
        "import-node-modules": "^1.0.2"
      }
    },
    "import-node-modules": {
      "version": "1.0.2",
      "resolved": "https://registry.npmjs.org/import-node-modules/-/import-node-modules-1.0.2.tgz",
      "integrity": "sha512-A2Ur9lmGspPmQAOV1MDNPlaXi4raqSGmwaeY4JsYVqjq+6E04yUvKMXJFEYNL3bowmL//knUIKynDHp5EmfD7w=="
    },
    "teevi": {
      "version": "2.2.4",
      "resolved": "https://registry.npmjs.org/teevi/-/teevi-2.2.4.tgz",
      "integrity": "sha512-dlWBYsYlb2D/CppMenVKXpD/vCiVwlgFwfjofWqunziq8O1OeYhnXK3dnYOLRmNLhimsk/a3h+w5e03BnIExKQ==",
      "dev": true
    }
  }
}
