{
  "name": "cm-chess",
  "version": "1.5.0",
  "lockfileVersion": 2,
  "requires": true,
  "packages": {
    "": {
      "version": "1.5.0",
      "hasInstallScript": true,
      "license": "MIT",
      "dependencies": {
        "chess.mjs": "^1.1.1",
        "cm-pgn": "^1.7.5"
      },
      "devDependencies": {
        "utiny": "^2.0.3"
      }
    },
    "node_modules/chess.mjs": {
      "version": "1.2.0",
      "resolved": "https://registry.npmjs.org/chess.mjs/-/chess.mjs-1.2.0.tgz",
      "integrity": "sha512-6WLXJ0RHJSn/VjCVAOE6N8mTNXChjrN+xOTOKnpF+v94eCULyRd5KfRNLvxxmxKKxCkck9VsquPirLT0nxH4og=="
    },
    "node_modules/cm-pgn": {
      "version": "1.8.2",
      "resolved": "https://registry.npmjs.org/cm-pgn/-/cm-pgn-1.8.2.tgz",
      "integrity": "sha512-h/OQ6tF5gRknKeuc5l0b4SeIEHDfaJTZDuRZ/Yg/w2H2Kov0CxwF7XtYbpECsSGVmOouELt4aQFPGT7GSrhTIQ==",
      "hasInstallScript": true,
      "dependencies": {
        "chess.mjs": "^1.1.0",
        "cm-web-modules": "^1.3.4"
      }
    },
    "node_modules/cm-web-modules": {
      "version": "1.7.3",
      "resolved": "https://registry.npmjs.org/cm-web-modules/-/cm-web-modules-1.7.3.tgz",
      "integrity": "sha512-Gp8TtYVq7685K8lY7p8yMhxouG3ZNeGGBhnIh1uKGWRuCcT6gs1dWJ9szWuLAE6upgnT7cZ4QomffZMH9aJvuw=="
    },
    "node_modules/utiny": {
      "version": "2.1.0",
      "resolved": "https://registry.npmjs.org/utiny/-/utiny-2.1.0.tgz",
      "integrity": "sha512-IM5xJ1fu68YlpQWDNW8EgUHNH2YbLTdhUs810APfiscCY9x1385nMFwajWttnT6h+e5LSFEIsfD8fEcmWVS50g==",
      "dev": true
    }
  },
  "dependencies": {
    "chess.mjs": {
      "version": "1.2.0",
      "resolved": "https://registry.npmjs.org/chess.mjs/-/chess.mjs-1.2.0.tgz",
      "integrity": "sha512-6WLXJ0RHJSn/VjCVAOE6N8mTNXChjrN+xOTOKnpF+v94eCULyRd5KfRNLvxxmxKKxCkck9VsquPirLT0nxH4og=="
    },
    "cm-pgn": {
      "version": "1.8.2",
      "resolved": "https://registry.npmjs.org/cm-pgn/-/cm-pgn-1.8.2.tgz",
      "integrity": "sha512-h/OQ6tF5gRknKeuc5l0b4SeIEHDfaJTZDuRZ/Yg/w2H2Kov0CxwF7XtYbpECsSGVmOouELt4aQFPGT7GSrhTIQ==",
      "requires": {
        "chess.mjs": "^1.1.0",
        "cm-web-modules": "^1.3.4"
      }
    },
    "cm-web-modules": {
      "version": "1.7.3",
      "resolved": "https://registry.npmjs.org/cm-web-modules/-/cm-web-modules-1.7.3.tgz",
      "integrity": "sha512-Gp8TtYVq7685K8lY7p8yMhxouG3ZNeGGBhnIh1uKGWRuCcT6gs1dWJ9szWuLAE6upgnT7cZ4QomffZMH9aJvuw=="
    },
    "utiny": {
      "version": "2.1.0",
      "resolved": "https://registry.npmjs.org/utiny/-/utiny-2.1.0.tgz",
      "integrity": "sha512-IM5xJ1fu68YlpQWDNW8EgUHNH2YbLTdhUs810APfiscCY9x1385nMFwajWttnT6h+e5LSFEIsfD8fEcmWVS50g==",
      "dev": true
    }
  }
}
