{
  "name": "cm-chess",
  "version": "2.4.1",
  "lockfileVersion": 2,
  "requires": true,
  "packages": {
    "": {
      "name": "cm-chess",
      "version": "2.4.1",
      "hasInstallScript": true,
      "license": "MIT",
      "dependencies": {
        "chess.mjs": "^1.3.1",
        "cm-pgn": "^2.1.9",
        "modrator": "^1.2.1"
      },
      "devDependencies": {
        "teevi": "^2.2.2"
      }
    },
    "node_modules/chess.mjs": {
      "version": "1.3.1",
      "resolved": "https://registry.npmjs.org/chess.mjs/-/chess.mjs-1.3.1.tgz",
      "integrity": "sha512-ugoGp7q/yuxoXk/1wziADHClbnKC4yEFWDLPDZ/9sNh8M75ClYcO9TnFSsnHC0j5xu8h4xE+gWTzK9UMlzld7Q=="
    },
    "node_modules/cm-pgn": {
      "version": "2.1.9",
      "resolved": "https://registry.npmjs.org/cm-pgn/-/cm-pgn-2.1.9.tgz",
      "integrity": "sha512-rB7AF6c9hLPm4pdalmXdmrNY4Q7dd7V9wQd8H4afDOE72bYGauD26VUU7/7RiSm+Tq0yAyA4bvWpf7sFF3/7cA==",
      "hasInstallScript": true,
      "dependencies": {
        "chess.mjs": "^1.2.0",
        "modrator": "^1.2.0"
      }
    },
    "node_modules/modrator": {
      "version": "1.2.1",
      "resolved": "https://registry.npmjs.org/modrator/-/modrator-1.2.1.tgz",
      "integrity": "sha512-c9Fmc6jYd0oD7xVmVQW3z/K26t/PY3nmaSjYJ4K3l+4o5dzfm0IfDqsCz7evEex70wbz/oj5AINYLI6ufFpFWQ=="
    },
    "node_modules/teevi": {
      "version": "2.2.2",
      "resolved": "https://registry.npmjs.org/teevi/-/teevi-2.2.2.tgz",
      "integrity": "sha512-8XJiQgT08qPH8Xj7BHvm5I0c6Fce7vxFiXoPQZgl0HHLXXheVzjvUgBn0/GqhSk3M3veCQOPb3E6IChIVoX/0A==",
      "dev": true
    }
  },
  "dependencies": {
    "chess.mjs": {
      "version": "1.3.1",
      "resolved": "https://registry.npmjs.org/chess.mjs/-/chess.mjs-1.3.1.tgz",
      "integrity": "sha512-ugoGp7q/yuxoXk/1wziADHClbnKC4yEFWDLPDZ/9sNh8M75ClYcO9TnFSsnHC0j5xu8h4xE+gWTzK9UMlzld7Q=="
    },
    "cm-pgn": {
      "version": "2.1.9",
      "resolved": "https://registry.npmjs.org/cm-pgn/-/cm-pgn-2.1.9.tgz",
      "integrity": "sha512-rB7AF6c9hLPm4pdalmXdmrNY4Q7dd7V9wQd8H4afDOE72bYGauD26VUU7/7RiSm+Tq0yAyA4bvWpf7sFF3/7cA==",
      "requires": {
        "chess.mjs": "^1.2.0",
        "modrator": "^1.2.0"
      }
    },
    "modrator": {
      "version": "1.2.1",
      "resolved": "https://registry.npmjs.org/modrator/-/modrator-1.2.1.tgz",
      "integrity": "sha512-c9Fmc6jYd0oD7xVmVQW3z/K26t/PY3nmaSjYJ4K3l+4o5dzfm0IfDqsCz7evEex70wbz/oj5AINYLI6ufFpFWQ=="
    },
    "teevi": {
      "version": "2.2.2",
      "resolved": "https://registry.npmjs.org/teevi/-/teevi-2.2.2.tgz",
      "integrity": "sha512-8XJiQgT08qPH8Xj7BHvm5I0c6Fce7vxFiXoPQZgl0HHLXXheVzjvUgBn0/GqhSk3M3veCQOPb3E6IChIVoX/0A==",
      "dev": true
    }
  }
}
